
Microsoft Visual Studio Solution File, Format Version 12.00
# Visual Studio Version 17
VisualStudioVersion = 17.0.32014.148
MinimumVisualStudioVersion = 10.0.40219.1
Project("{FAE04EC0-301F-11D3-BF4B-00C04F79EFBC}") = "bagyanszkimatePendulum", "bagyanszkimatePendulum\bagyanszkimatePendulum.csproj", "{13A9AAE8-50E0-4486-874D-B7C953611AEB}"
EndProject
Global
	GlobalSection(SolutionConfigurationPlatforms) = preSolution
		Debug|Any CPU = Debug|Any CPU
		Release|Any CPU = Release|Any CPU
	EndGlobalSection
	GlobalSection(ProjectConfigurationPlatforms) = postSolution
		{13A9AAE8-50E0-4486-874D-B7C953611AEB}.Debug|Any CPU.ActiveCfg = Debug|Any CPU
		{13A9AAE8-50E0-4486-874D-B7C953611AEB}.Debug|Any CPU.Build.0 = Debug|Any CPU
		{13A9AAE8-50E0-4486-874D-B7C953611AEB}.Release|Any CPU.ActiveCfg = Release|Any CPU
		{13A9AAE8-50E0-4486-874D-B7C953611AEB}.Release|Any CPU.Build.0 = Release|Any CPU
	EndGlobalSection
	GlobalSection(SolutionProperties) = preSolution
		HideSolutionNode = FALSE
	EndGlobalSection
	GlobalSection(ExtensibilityGlobals) = postSolution
		SolutionGuid = {68498196-A967-47EA-A267-499548731737}
	EndGlobalSection
EndGlobal
